// !$*UTF8*$!
{
	archiveVersion = 1;
	classes = {
	};
	objectVersion = 77;
	objects = {

/* Begin PBXContainerItemProxy section */
		849226722D6825EA00B6FE27 /* PBXContainerItemProxy */ = {
			isa = PBXContainerItemProxy;
			containerPortal = 849226532D6825E700B6FE27 /* Project object */;
			proxyType = 1;
			remoteGlobalIDString = 8492265A2D6825E700B6FE27;
			remoteInfo = OnboardingScreenUI;
		};
		8492267C2D6825EA00B6FE27 /* PBXContainerItemProxy */ = {
			isa = PBXContainerItemProxy;
			containerPortal = 849226532D6825E700B6FE27 /* Project object */;
			proxyType = 1;
			remoteGlobalIDString = 8492265A2D6825E700B6FE27;
			remoteInfo = OnboardingScreenUI;
		};
/* End PBXContainerItemProxy section */

/* Begin PBXFileReference section */
		8492265B2D6825E700B6FE27 /* OnboardingScreenUI.app */ = {isa = PBXFileReference; explicitFileType = wrapper.application; includeInIndex = 0; path = OnboardingScreenUI.app; sourceTree = BUILT_PRODUCTS_DIR; };
		849226712D6825EA00B6FE27 /* OnboardingScreenUITests.xctest */ = {isa = PBXFileReference; explicitFileType = wrapper.cfbundle; includeInIndex = 0; path = OnboardingScreenUITests.xctest; sourceTree = BUILT_PRODUCTS_DIR; };
		8492267B2D6825EA00B6FE27 /* OnboardingScreenUIUITests.xctest */ = {isa = PBXFileReference; explicitFileType = wrapper.cfbundle; includeInIndex = 0; path = OnboardingScreenUIUITests.xctest; sourceTree = BUILT_PRODUCTS_DIR; };
/* End PBXFileReference section */

/* Begin PBXFileSystemSynchronizedBuildFileExceptionSet section */
		849226832D6825EA00B6FE27 /* Exceptions for "OnboardingScreenUI" folder in "OnboardingScreenUI" target */ = {
			isa = PBXFileSystemSynchronizedBuildFileExceptionSet;
			membershipExceptions = (
				Info.plist,
			);
			target = 8492265A2D6825E700B6FE27 /* OnboardingScreenUI */;
		};
/* End PBXFileSystemSynchronizedBuildFileExceptionSet section */

/* Begin PBXFileSystemSynchronizedRootGroup section */
		8492265D2D6825E700B6FE27 /* OnboardingScreenUI */ = {
			isa = PBXFileSystemSynchronizedRootGroup;
			exceptions = (
				849226832D6825EA00B6FE27 /* Exceptions for "OnboardingScreenUI" folder in "OnboardingScreenUI" target */,
			);
			path = OnboardingScreenUI;
			sourceTree = "<group>";
		};
		849226742D6825EA00B6FE27 /* OnboardingScreenUITests */ = {
			isa = PBXFileSystemSynchronizedRootGroup;
			path = OnboardingScreenUITests;
			sourceTree = "<group>";
		};
		8492267E2D6825EA00B6FE27 /* OnboardingScreenUIUITests */ = {
			isa = PBXFileSystemSynchronizedRootGroup;
			path = OnboardingScreenUIUITests;
			sourceTree = "<group>";
		};
/* End PBXFileSystemSynchronizedRootGroup section */

/* Begin PBXFrameworksBuildPhase section */
		849226582D6825E700B6FE27 /* Frameworks */ = {
			isa = PBXFrameworksBuildPhase;
			buildActionMask = 2147483647;
			files = (
			);
			runOnlyForDeploymentPostprocessing = 0;
		};
		8492266E2D6825EA00B6FE27 /* Frameworks */ = {
			isa = PBXFrameworksBuildPhase;
			buildActionMask = 2147483647;
			files = (
			);
			runOnlyForDeploymentPostprocessing = 0;
		};
		849226782D6825EA00B6FE27 /* Frameworks */ = {
			isa = PBXFrameworksBuildPhase;
			buildActionMask = 2147483647;
			files = (
			);
			runOnlyForDeploymentPostprocessing = 0;
		};
/* End PBXFrameworksBuildPhase section */

/* Begin PBXGroup section */
		849226522D6825E700B6FE27 = {
			isa = PBXGroup;
			children = (
				8492265D2D6825E700B6FE27 /* OnboardingScreenUI */,
				849226742D6825EA00B6FE27 /* OnboardingScreenUITests */,
				8492267E2D6825EA00B6FE27 /* OnboardingScreenUIUITests */,
				8492265C2D6825E700B6FE27 /* Products */,
			);
			sourceTree = "<group>";
		};
		8492265C2D6825E700B6FE27 /* Products */ = {
			isa = PBXGroup;
			children = (
				8492265B2D6825E700B6FE27 /* OnboardingScreenUI.app */,
				849226712D6825EA00B6FE27 /* OnboardingScreenUITests.xctest */,
				8492267B2D6825EA00B6FE27 /* OnboardingScreenUIUITests.xctest */,
			);
			name = Products;
			sourceTree = "<group>";
		};
/* End PBXGroup section */

/* Begin PBXNativeTarget section */
		8492265A2D6825E700B6FE27 /* OnboardingScreenUI */ = {
			isa = PBXNativeTarget;
			buildConfigurationList = 849226842D6825EA00B6FE27 /* Build configuration list for PBXNativeTarget "OnboardingScreenUI" */;
			buildPhases = (
				849226572D6825E700B6FE27 /* Sources */,
				849226582D6825E700B6FE27 /* Frameworks */,
				849226592D6825E700B6FE27 /* Resources */,
			);
			buildRules = (
			);
			dependencies = (
			);
			fileSystemSynchronizedGroups = (
				8492265D2D6825E700B6FE27 /* OnboardingScreenUI */,
			);
			name = OnboardingScreenUI;
			packageProductDependencies = (
			);
			productName = OnboardingScreenUI;
			productReference = 8492265B2D6825E700B6FE27 /* OnboardingScreenUI.app */;
			productType = "com.apple.product-type.application";
		};
		849226702D6825EA00B6FE27 /* OnboardingScreenUITests */ = {
			isa = PBXNativeTarget;
			buildConfigurationList = 849226892D6825EA00B6FE27 /* Build configuration list for PBXNativeTarget "OnboardingScreenUITests" */;
			buildPhases = (
				8492266D2D6825EA00B6FE27 /* Sources */,
				8492266E2D6825EA00B6FE27 /* Frameworks */,
				8492266F2D6825EA00B6FE27 /* Resources */,
			);
			buildRules = (
			);
			dependencies = (
				849226732D6825EA00B6FE27 /* PBXTargetDependency */,
			);
			fileSystemSynchronizedGroups = (
				849226742D6825EA00B6FE27 /* OnboardingScreenUITests */,
			);
			name = OnboardingScreenUITests;
			packageProductDependencies = (
			);
			productName = OnboardingScreenUITests;
			productReference = 849226712D6825EA00B6FE27 /* OnboardingScreenUITests.xctest */;
			productType = "com.apple.product-type.bundle.unit-test";
		};
		8492267A2D6825EA00B6FE27 /* OnboardingScreenUIUITests */ = {
			isa = PBXNativeTarget;
			buildConfigurationList = 8492268C2D6825EA00B6FE27 /* Build configuration list for PBXNativeTarget "OnboardingScreenUIUITests" */;
			buildPhases = (
				849226772D6825EA00B6FE27 /* Sources */,
				849226782D6825EA00B6FE27 /* Frameworks */,
				849226792D6825EA00B6FE27 /* Resources */,
			);
			buildRules = (
			);
			dependencies = (
				8492267D2D6825EA00B6FE27 /* PBXTargetDependency */,
			);
			fileSystemSynchronizedGroups = (
				8492267E2D6825EA00B6FE27 /* OnboardingScreenUIUITests */,
			);
			name = OnboardingScreenUIUITests;
			packageProductDependencies = (
			);
			productName = OnboardingScreenUIUITests;
			productReference = 8492267B2D6825EA00B6FE27 /* OnboardingScreenUIUITests.xctest */;
			productType = "com.apple.product-type.bundle.ui-testing";
		};
/* End PBXNativeTarget section */

/* Begin PBXProject section */
		849226532D6825E700B6FE27 /* Project object */ = {
			isa = PBXProject;
			attributes = {
				BuildIndependentTargetsInParallel = 1;
				LastSwiftUpdateCheck = 1620;
				LastUpgradeCheck = 1620;
				TargetAttributes = {
					8492265A2D6825E700B6FE27 = {
						CreatedOnToolsVersion = 16.2;
					};
					849226702D6825EA00B6FE27 = {
						CreatedOnToolsVersion = 16.2;
						TestTargetID = 8492265A2D6825E700B6FE27;
					};
					8492267A2D6825EA00B6FE27 = {
						CreatedOnToolsVersion = 16.2;
						TestTargetID = 8492265A2D6825E700B6FE27;
					};
				};
			};
			buildConfigurationList = 849226562D6825E700B6FE27 /* Build configuration list for PBXProject "OnboardingScreenUI" */;
			developmentRegion = en;
			hasScannedForEncodings = 0;
			knownRegions = (
				en,
				Base,
			);
			mainGroup = 849226522D6825E700B6FE27;
			minimizedProjectReferenceProxies = 1;
			preferredProjectObjectVersion = 77;
			productRefGroup = 8492265C2D6825E700B6FE27 /* Products */;
			projectDirPath = "";
			projectRoot = "";
			targets = (
				8492265A2D6825E700B6FE27 /* OnboardingScreenUI */,
				849226702D6825EA00B6FE27 /* OnboardingScreenUITests */,
				8492267A2D6825EA00B6FE27 /* OnboardingScreenUIUITests */,
			);
		};
/* End PBXProject section */

/* Begin PBXResourcesBuildPhase section */
		849226592D6825E700B6FE27 /* Resources */ = {
			isa = PBXResourcesBuildPhase;
			buildActionMask = 2147483647;
			files = (
			);
			runOnlyForDeploymentPostprocessing = 0;
		};
		8492266F2D6825EA00B6FE27 /* Resources */ = {
			isa = PBXResourcesBuildPhase;
			buildActionMask = 2147483647;
			files = (
			);
			runOnlyForDeploymentPostprocessing = 0;
		};
		849226792D6825EA00B6FE27 /* Resources */ = {
			isa = PBXResourcesBuildPhase;
			buildActionMask = 2147483647;
			files = (
			);
			runOnlyForDeploymentPostprocessing = 0;
		};
/* End PBXResourcesBuildPhase section */

/* Begin PBXSourcesBuildPhase section */
		849226572D6825E700B6FE27 /* Sources */ = {
			isa = PBXSourcesBuildPhase;
			buildActionMask = 2147483647;
			files = (
			);
			runOnlyForDeploymentPostprocessing = 0;
		};
		8492266D2D6825EA00B6FE27 /* Sources */ = {
			isa = PBXSourcesBuildPhase;
			buildActionMask = 2147483647;
			files = (
			);
			runOnlyForDeploymentPostprocessing = 0;
		};
		849226772D6825EA00B6FE27 /* Sources */ = {
			isa = PBXSourcesBuildPhase;
			buildActionMask = 2147483647;
			files = (
			);
			runOnlyForDeploymentPostprocessing = 0;
		};
/* End PBXSourcesBuildPhase section */

/* Begin PBXTargetDependency section */
		849226732D6825EA00B6FE27 /* PBXTargetDependency */ = {
			isa = PBXTargetDependency;
			target = 8492265A2D6825E700B6FE27 /* OnboardingScreenUI */;
			targetProxy = 849226722D6825EA00B6FE27 /* PBXContainerItemProxy */;
		};
		8492267D2D6825EA00B6FE27 /* PBXTargetDependency */ = {
			isa = PBXTargetDependency;
			target = 8492265A2D6825E700B6FE27 /* OnboardingScreenUI */;
			targetProxy = 8492267C2D6825EA00B6FE27 /* PBXContainerItemProxy */;
		};
/* End PBXTargetDependency section */

/* Begin XCBuildConfiguration section */
		849226852D6825EA00B6FE27 /* Debug */ = {
			isa = XCBuildConfiguration;
			buildSettings = {
				ASSETCATALOG_COMPILER_APPICON_NAME = AppIcon;
				ASSETCATALOG_COMPILER_GLOBAL_ACCENT_COLOR_NAME = AccentColor;
				CODE_SIGN_STYLE = Automatic;
				CURRENT_PROJECT_VERSION = 1;
				GENERATE_INFOPLIST_FILE = YES;
				INFOPLIST_FILE = OnboardingScreenUI/Info.plist;
				INFOPLIST_KEY_UIApplicationSupportsIndirectInputEvents = YES;
				INFOPLIST_KEY_UILaunchStoryboardName = LaunchScreen;
				INFOPLIST_KEY_UIMainStoryboardFile = Main;
				INFOPLIST_KEY_UISupportedInterfaceOrientations_iPad = "UIInterfaceOrientationPortrait UIInterfaceOrientationPortraitUpsideDown UIInterfaceOrientationLandscapeLeft UIInterfaceOrientationLandscapeRight";
				INFOPLIST_KEY_UISupportedInterfaceOrientations_iPhone = "UIInterfaceOrientationPortrait UIInterfaceOrientationLandscapeLeft UIInterfaceOrientationLandscapeRight";
				LD_RUNPATH_SEARCH_PATHS = (
					"$(inherited)",
					"@executable_path/Frameworks",
				);
				MARKETING_VERSION = 1.0;
				PRODUCT_BUNDLE_IDENTIFIER = com.kouhoang.OnboardingScreenUI;
				PRODUCT_NAME = "$(TARGET_NAME)";
				SWIFT_EMIT_LOC_STRINGS = YES;
				SWIFT_VERSION = 5.0;
				TARGETED_DEVICE_FAMILY = "1,2";
			};
			name = Debug;
		};
		849226862D6825EA00B6FE27 /* Release */ = {
			isa = XCBuildConfiguration;
			buildSettings = {
				ASSETCATALOG_COMPILER_APPICON_NAME = AppIcon;
				ASSETCATALOG_COMPILER_GLOBAL_ACCENT_COLOR_NAME = AccentColor;
				CODE_SIGN_STYLE = Automatic;
				CURRENT_PROJECT_VERSION = 1;
				GENERATE_INFOPLIST_FILE = YES;
				INFOPLIST_FILE = OnboardingScreenUI/Info.plist;
				INFOPLIST_KEY_UIApplicationSupportsIndirectInputEvents = YES;
				INFOPLIST_KEY_UILaunchStoryboardName = LaunchScreen;
				INFOPLIST_KEY_UIMainStoryboardFile = Main;
				INFOPLIST_KEY_UISupportedInterfaceOrientations_iPad = "UIInterfaceOrientationPortrait UIInterfaceOrientationPortraitUpsideDown UIInterfaceOrientationLandscapeLeft UIInterfaceOrientationLandscapeRight";
				INFOPLIST_KEY_UISupportedInterfaceOrientations_iPhone = "UIInterfaceOrientationPortrait UIInterfaceOrientationLandscapeLeft UIInterfaceOrientationLandscapeRight";
				LD_RUNPATH_SEARCH_PATHS = (
					"$(inherited)",
					"@executable_path/Frameworks",
				);
				MARKETING_VERSION = 1.0;
				PRODUCT_BUNDLE_IDENTIFIER = com.kouhoang.OnboardingScreenUI;
				PRODUCT_NAME = "$(TARGET_NAME)";
				SWIFT_EMIT_LOC_STRINGS = YES;
				SWIFT_VERSION = 5.0;
				TARGETED_DEVICE_FAMILY = "1,2";
			};
			name = Release;
		};
		849226872D6825EA00B6FE27 /* Debug */ = {
			isa = XCBuildConfiguration;
			buildSettings = {
				ALWAYS_SEARCH_USER_PATHS = NO;
				ASSETCATALOG_COMPILER_GENERATE_SWIFT_ASSET_SYMBOL_EXTENSIONS = YES;
				CLANG_ANALYZER_NONNULL = YES;
				CLANG_ANALYZER_NUMBER_OBJECT_CONVERSION = YES_AGGRESSIVE;
				CLANG_CXX_LANGUAGE_STANDARD = "gnu++20";
				CLANG_ENABLE_MODULES = YES;
				CLANG_ENABLE_OBJC_ARC = YES;
				CLANG_ENABLE_OBJC_WEAK = YES;
				CLANG_WARN_BLOCK_CAPTURE_AUTORELEASING = YES;
				CLANG_WARN_BOOL_CONVERSION = YES;
				CLANG_WARN_COMMA = YES;
				CLANG_WARN_CONSTANT_CONVERSION = YES;
				CLANG_WARN_DEPRECATED_OBJC_IMPLEMENTATIONS = YES;
				CLANG_WARN_DIRECT_OBJC_ISA_USAGE = YES_ERROR;
				CLANG_WARN_DOCUMENTATION_COMMENTS = YES;
				CLANG_WARN_EMPTY_BODY = YES;
				CLANG_WARN_ENUM_CONVERSION = YES;
				CLANG_WARN_INFINITE_RECURSION = YES;
				CLANG_WARN_INT_CONVERSION = YES;
				CLANG_WARN_NON_LITERAL_NULL_CONVERSION = YES;
				CLANG_WARN_OBJC_IMPLICIT_RETAIN_SELF = YES;
				CLANG_WARN_OBJC_LITERAL_CONVERSION = YES;
				CLANG_WARN_OBJC_ROOT_CLASS = YES_ERROR;
				CLANG_WARN_QUOTED_INCLUDE_IN_FRAMEWORK_HEADER = YES;
				CLANG_WARN_RANGE_LOOP_ANALYSIS = YES;
				CLANG_WARN_STRICT_PROTOTYPES = YES;
				CLANG_WARN_SUSPICIOUS_MOVE = YES;
				CLANG_WARN_UNGUARDED_AVAILABILITY = YES_AGGRESSIVE;
				CLANG_WARN_UNREACHABLE_CODE = YES;
				CLANG_WARN__DUPLICATE_METHOD_MATCH = YES;
				COPY_PHASE_STRIP = NO;
				DEBUG_INFORMATION_FORMAT = dwarf;
				ENABLE_STRICT_OBJC_MSGSEND = YES;
				ENABLE_TESTABILITY = YES;
				ENABLE_USER_SCRIPT_SANDBOXING = YES;
				GCC_C_LANGUAGE_STANDARD = gnu17;
				GCC_DYNAMIC_NO_PIC = NO;
				GCC_NO_COMMON_BLOCKS = YES;
				GCC_OPTIMIZATION_LEVEL = 0;
				GCC_PREPROCESSOR_DEFINITIONS = (
					"DEBUG=1",
					"$(inherited)",
				);
				GCC_WARN_64_TO_32_BIT_CONVERSION = YES;
				GCC_WARN_ABOUT_RETURN_TYPE = YES_ERROR;
				GCC_WARN_UNDECLARED_SELECTOR = YES;
				GCC_WARN_UNINITIALIZED_AUTOS = YES_AGGRESSIVE;
				GCC_WARN_UNUSED_FUNCTION = YES;
				GCC_WARN_UNUSED_VARIABLE = YES;
				IPHONEOS_DEPLOYMENT_TARGET = 18.2;
				LOCALIZATION_PREFERS_STRING_CATALOGS = YES;
				MTL_ENABLE_DEBUG_INFO = INCLUDE_SOURCE;
				MTL_FAST_MATH = YES;
				ONLY_ACTIVE_ARCH = YES;
				SDKROOT = iphoneos;
				SWIFT_ACTIVE_COMPILATION_CONDITIONS = "DEBUG $(inherited)";
				SWIFT_OPTIMIZATION_LEVEL = "-Onone";
			};
			name = Debug;
		};
		849226882D6825EA00B6FE27 /* Release */ = {
			isa = XCBuildConfiguration;
			buildSettings = {
				ALWAYS_SEARCH_USER_PATHS = NO;
				ASSETCATALOG_COMPILER_GENERATE_SWIFT_ASSET_SYMBOL_EXTENSIONS = YES;
				CLANG_ANALYZER_NONNULL = YES;
				CLANG_ANALYZER_NUMBER_OBJECT_CONVERSION = YES_AGGRESSIVE;
				CLANG_CXX_LANGUAGE_STANDARD = "gnu++20";
				CLANG_ENABLE_MODULES = YES;
				CLANG_ENABLE_OBJC_ARC = YES;
				CLANG_ENABLE_OBJC_WEAK = YES;
				CLANG_WARN_BLOCK_CAPTURE_AUTORELEASING = YES;
				CLANG_WARN_BOOL_CONVERSION = YES;
				CLANG_WARN_COMMA = YES;
				CLANG_WARN_CONSTANT_CONVERSION = YES;
				CLANG_WARN_DEPRECATED_OBJC_IMPLEMENTATIONS = YES;
				CLANG_WARN_DIRECT_OBJC_ISA_USAGE = YES_ERROR;
				CLANG_WARN_DOCUMENTATION_COMMENTS = YES;
				CLANG_WARN_EMPTY_BODY = YES;
				CLANG_WARN_ENUM_CONVERSION = YES;
				CLANG_WARN_INFINITE_RECURSION = YES;
				CLANG_WARN_INT_CONVERSION = YES;
				CLANG_WARN_NON_LITERAL_NULL_CONVERSION = YES;
				CLANG_WARN_OBJC_IMPLICIT_RETAIN_SELF = YES;
				CLANG_WARN_OBJC_LITERAL_CONVERSION = YES;
				CLANG_WARN_OBJC_ROOT_CLASS = YES_ERROR;
				CLANG_WARN_QUOTED_INCLUDE_IN_FRAMEWORK_HEADER = YES;
				CLANG_WARN_RANGE_LOOP_ANALYSIS = YES;
				CLANG_WARN_STRICT_PROTOTYPES = YES;
				CLANG_WARN_SUSPICIOUS_MOVE = YES;
				CLANG_WARN_UNGUARDED_AVAILABILITY = YES_AGGRESSIVE;
				CLANG_WARN_UNREACHABLE_CODE = YES;
				CLANG_WARN__DUPLICATE_METHOD_MATCH = YES;
				COPY_PHASE_STRIP = NO;
				DEBUG_INFORMATION_FORMAT = "dwarf-with-dsym";
				ENABLE_NS_ASSERTIONS = NO;
				ENABLE_STRICT_OBJC_MSGSEND = YES;
				ENABLE_USER_SCRIPT_SANDBOXING = YES;
				GCC_C_LANGUAGE_STANDARD = gnu17;
				GCC_NO_COMMON_BLOCKS = YES;
				GCC_WARN_64_TO_32_BIT_CONVERSION = YES;
				GCC_WARN_ABOUT_RETURN_TYPE = YES_ERROR;
				GCC_WARN_UNDECLARED_SELECTOR = YES;
				GCC_WARN_UNINITIALIZED_AUTOS = YES_AGGRESSIVE;
				GCC_WARN_UNUSED_FUNCTION = YES;
				GCC_WARN_UNUSED_VARIABLE = YES;
				IPHONEOS_DEPLOYMENT_TARGET = 18.2;
				LOCALIZATION_PREFERS_STRING_CATALOGS = YES;
				MTL_ENABLE_DEBUG_INFO = NO;
				MTL_FAST_MATH = YES;
				SDKROOT = iphoneos;
				SWIFT_COMPILATION_MODE = wholemodule;
				VALIDATE_PRODUCT = YES;
			};
			name = Release;
		};
		8492268A2D6825EA00B6FE27 /* Debug */ = {
			isa = XCBuildConfiguration;
			buildSettings = {
				BUNDLE_LOADER = "$(TEST_HOST)";
				CODE_SIGN_STYLE = Automatic;
				CURRENT_PROJECT_VERSION = 1;
				GENERATE_INFOPLIST_FILE = YES;
				IPHONEOS_DEPLOYMENT_TARGET = 18.2;
				MARKETING_VERSION = 1.0;
				PRODUCT_BUNDLE_IDENTIFIER = com.kouhoang.OnboardingScreenUITests;
				PRODUCT_NAME = "$(TARGET_NAME)";
				SWIFT_EMIT_LOC_STRINGS = NO;
				SWIFT_VERSION = 5.0;
				TARGETED_DEVICE_FAMILY = "1,2";
				TEST_HOST = "$(BUILT_PRODUCTS_DIR)/OnboardingScreenUI.app/$(BUNDLE_EXECUTABLE_FOLDER_PATH)/OnboardingScreenUI";
			};
			name = Debug;
		};
		8492268B2D6825EA00B6FE27 /* Release */ = {
			isa = XCBuildConfiguration;
			buildSettings = {
				BUNDLE_LOADER = "$(TEST_HOST)";
				CODE_SIGN_STYLE = Automatic;
				CURRENT_PROJECT_VERSION = 1;
				GENERATE_INFOPLIST_FILE = YES;
				IPHONEOS_DEPLOYMENT_TARGET = 18.2;
				MARKETING_VERSION = 1.0;
				PRODUCT_BUNDLE_IDENTIFIER = com.kouhoang.OnboardingScreenUITests;
				PRODUCT_NAME = "$(TARGET_NAME)";
				SWIFT_EMIT_LOC_STRINGS = NO;
				SWIFT_VERSION = 5.0;
				TARGETED_DEVICE_FAMILY = "1,2";
				TEST_HOST = "$(BUILT_PRODUCTS_DIR)/OnboardingScreenUI.app/$(BUNDLE_EXECUTABLE_FOLDER_PATH)/OnboardingScreenUI";
			};
			name = Release;
		};
		8492268D2D6825EA00B6FE27 /* Debug */ = {
			isa = XCBuildConfiguration;
			buildSettings = {
				CODE_SIGN_STYLE = Automatic;
				CURRENT_PROJECT_VERSION = 1;
				GENERATE_INFOPLIST_FILE = YES;
				MARKETING_VERSION = 1.0;
				PRODUCT_BUNDLE_IDENTIFIER = com.kouhoang.OnboardingScreenUIUITests;
				PRODUCT_NAME = "$(TARGET_NAME)";
				SWIFT_EMIT_LOC_STRINGS = NO;
				SWIFT_VERSION = 5.0;
				TARGETED_DEVICE_FAMILY = "1,2";
				TEST_TARGET_NAME = OnboardingScreenUI;
			};
			name = Debug;
		};
		8492268E2D6825EA00B6FE27 /* Release */ = {
			isa = XCBuildConfiguration;
			buildSettings = {
				CODE_SIGN_STYLE = Automatic;
				CURRENT_PROJECT_VERSION = 1;
				GENERATE_INFOPLIST_FILE = YES;
				MARKETING_VERSION = 1.0;
				PRODUCT_BUNDLE_IDENTIFIER = com.kouhoang.OnboardingScreenUIUITests;
				PRODUCT_NAME = "$(TARGET_NAME)";
				SWIFT_EMIT_LOC_STRINGS = NO;
				SWIFT_VERSION = 5.0;
				TARGETED_DEVICE_FAMILY = "1,2";
				TEST_TARGET_NAME = OnboardingScreenUI;
			};
			name = Release;
		};
/* End XCBuildConfiguration section */

/* Begin XCConfigurationList section */
		849226562D6825E700B6FE27 /* Build configuration list for PBXProject "OnboardingScreenUI" */ = {
			isa = XCConfigurationList;
			buildConfigurations = (
				849226872D6825EA00B6FE27 /* Debug */,
				849226882D6825EA00B6FE27 /* Release */,
			);
			defaultConfigurationIsVisible = 0;
			defaultConfigurationName = Release;
		};
		849226842D6825EA00B6FE27 /* Build configuration list for PBXNativeTarget "OnboardingScreenUI" */ = {
			isa = XCConfigurationList;
			buildConfigurations = (
				849226852D6825EA00B6FE27 /* Debug */,
				849226862D6825EA00B6FE27 /* Release */,
			);
			defaultConfigurationIsVisible = 0;
			defaultConfigurationName = Release;
		};
		849226892D6825EA00B6FE27 /* Build configuration list for PBXNativeTarget "OnboardingScreenUITests" */ = {
			isa = XCConfigurationList;
			buildConfigurations = (
				8492268A2D6825EA00B6FE27 /* Debug */,
				8492268B2D6825EA00B6FE27 /* Release */,
			);
			defaultConfigurationIsVisible = 0;
			defaultConfigurationName = Release;
		};
		8492268C2D6825EA00B6FE27 /* Build configuration list for PBXNativeTarget "OnboardingScreenUIUITests" */ = {
			isa = XCConfigurationList;
			buildConfigurations = (
				8492268D2D6825EA00B6FE27 /* Debug */,
				8492268E2D6825EA00B6FE27 /* Release */,
			);
			defaultConfigurationIsVisible = 0;
			defaultConfigurationName = Release;
		};
/* End XCConfigurationList section */
	};
	rootObject = 849226532D6825E700B6FE27 /* Project object */;
}
